
Microsoft Visual Studio Solution File, Format Version 12.00
# Visual Studio Version 17
VisualStudioVersion = 17.8.34330.188
MinimumVisualStudioVersion = 10.0.40219.1
Project("{2150E333-8FDC-42A3-9474-1A3956D46DE8}") = "Frontend", "Frontend", "{75D4CA07-9F47-4523-9DF9-0753401DC6F4}"
EndProject
Project("{2150E333-8FDC-42A3-9474-1A3956D46DE8}") = "Tests", "Tests", "{DB4001D6-000D-47E8-9907-2B79C47DDF9A}"
EndProject
Project("{FAE04EC0-301F-11D3-BF4B-00C04F79EFBC}") = "BlazorUI", "src\Frontend\BlazorUI\BlazorUI.csproj", "{9A26D200-D015-47FE-B303-C49BF67412B7}"
EndProject
Project("{FAE04EC0-301F-11D3-BF4B-00C04F79EFBC}") = "UnitTest", "src\Tests\UnitTest\UnitTest.csproj", "{F6B53EF1-BCEE-4A43-8D68-1F1F73A283EB}"
EndProject
Project("{FAE04EC0-301F-11D3-BF4B-00C04F79EFBC}") = "API", "src\API\API.csproj", "{B581BC10-CB55-42E7-96F9-3DA56AF6A740}"
EndProject
Global
	GlobalSection(SolutionConfigurationPlatforms) = preSolution
		Debug|Any CPU = Debug|Any CPU
		Release|Any CPU = Release|Any CPU
	EndGlobalSection
	GlobalSection(ProjectConfigurationPlatforms) = postSolution
		{9A26D200-D015-47FE-B303-C49BF67412B7}.Debug|Any CPU.ActiveCfg = Debug|Any CPU
		{9A26D200-D015-47FE-B303-C49BF67412B7}.Debug|Any CPU.Build.0 = Debug|Any CPU
		{9A26D200-D015-47FE-B303-C49BF67412B7}.Release|Any CPU.ActiveCfg = Release|Any CPU
		{9A26D200-D015-47FE-B303-C49BF67412B7}.Release|Any CPU.Build.0 = Release|Any CPU
		{F6B53EF1-BCEE-4A43-8D68-1F1F73A283EB}.Debug|Any CPU.ActiveCfg = Debug|Any CPU
		{F6B53EF1-BCEE-4A43-8D68-1F1F73A283EB}.Debug|Any CPU.Build.0 = Debug|Any CPU
		{F6B53EF1-BCEE-4A43-8D68-1F1F73A283EB}.Release|Any CPU.ActiveCfg = Release|Any CPU
		{F6B53EF1-BCEE-4A43-8D68-1F1F73A283EB}.Release|Any CPU.Build.0 = Release|Any CPU
		{B581BC10-CB55-42E7-96F9-3DA56AF6A740}.Debug|Any CPU.ActiveCfg = Debug|Any CPU
		{B581BC10-CB55-42E7-96F9-3DA56AF6A740}.Debug|Any CPU.Build.0 = Debug|Any CPU
		{B581BC10-CB55-42E7-96F9-3DA56AF6A740}.Release|Any CPU.ActiveCfg = Release|Any CPU
		{B581BC10-CB55-42E7-96F9-3DA56AF6A740}.Release|Any CPU.Build.0 = Release|Any CPU
	EndGlobalSection
	GlobalSection(SolutionProperties) = preSolution
		HideSolutionNode = FALSE
	EndGlobalSection
	GlobalSection(NestedProjects) = preSolution
		{9A26D200-D015-47FE-B303-C49BF67412B7} = {75D4CA07-9F47-4523-9DF9-0753401DC6F4}
		{F6B53EF1-BCEE-4A43-8D68-1F1F73A283EB} = {DB4001D6-000D-47E8-9907-2B79C47DDF9A}
	EndGlobalSection
	GlobalSection(ExtensibilityGlobals) = postSolution
		SolutionGuid = {40CC5D49-8860-4076-BEF2-84A5DB76C86E}
	EndGlobalSection
EndGlobal
